// !$*UTF8*$!
{
	archiveVersion = 1;
	classes = {
	};
	objectVersion = 46;
	objects = {

/* Begin PBXBuildFile section */
		4AEBF4E61E30603C00C56CF9 /* main.m in Sources */ = {isa = PBXBuildFile; fileRef = 4AEBF4E51E30603C00C56CF9 /* main.m */; };
		4AEBF4E91E30603C00C56CF9 /* AppDelegate.m in Sources */ = {isa = PBXBuildFile; fileRef = 4AEBF4E81E30603C00C56CF9 /* AppDelegate.m */; };
		4AEBF4EC1E30603C00C56CF9 /* ViewController.m in Sources */ = {isa = PBXBuildFile; fileRef = 4AEBF4EB1E30603C00C56CF9 /* ViewController.m */; };
		4AEBF4EF1E30603C00C56CF9 /* Main.storyboard in Resources */ = {isa = PBXBuildFile; fileRef = 4AEBF4ED1E30603C00C56CF9 /* Main.storyboard */; };
		4AEBF4F11E30603C00C56CF9 /* Assets.xcassets in Resources */ = {isa = PBXBuildFile; fileRef = 4AEBF4F01E30603C00C56CF9 /* Assets.xcassets */; };
		4AEBF4F41E30603C00C56CF9 /* LaunchScreen.storyboard in Resources */ = {isa = PBXBuildFile; fileRef = 4AEBF4F21E30603C00C56CF9 /* LaunchScreen.storyboard */; };
		4AEBF4FF1E30603C00C56CF9 /* CLocation_MapKitTests.m in Sources */ = {isa = PBXBuildFile; fileRef = 4AEBF4FE1E30603C00C56CF9 /* CLocation_MapKitTests.m */; };
		4AEBF50A1E30603C00C56CF9 /* CLocation_MapKitUITests.m in Sources */ = {isa = PBXBuildFile; fileRef = 4AEBF5091E30603C00C56CF9 /* CLocation_MapKitUITests.m */; };
/* End PBXBuildFile section */

/* Begin PBXContainerItemProxy section */
		4AEBF4FB1E30603C00C56CF9 /* PBXContainerItemProxy */ = {
			isa = PBXContainerItemProxy;
			containerPortal = 4AEBF4D91E30603C00C56CF9 /* Project object */;
			proxyType = 1;
			remoteGlobalIDString = 4AEBF4E01E30603C00C56CF9;
			remoteInfo = "CLocation&MapKit";
		};
		4AEBF5061E30603C00C56CF9 /* PBXContainerItemProxy */ = {
			isa = PBXContainerItemProxy;
			containerPortal = 4AEBF4D91E30603C00C56CF9 /* Project object */;
			proxyType = 1;
			remoteGlobalIDString = 4AEBF4E01E30603C00C56CF9;
			remoteInfo = "CLocation&MapKit";
		};
/* End PBXContainerItemProxy section */

/* Begin PBXFileReference section */
		4AEBF4E11E30603C00C56CF9 /* CLocation&MapKit.app */ = {isa = PBXFileReference; explicitFileType = wrapper.application; includeInIndex = 0; path = "CLocation&MapKit.app"; sourceTree = BUILT_PRODUCTS_DIR; };
		4AEBF4E51E30603C00C56CF9 /* main.m */ = {isa = PBXFileReference; lastKnownFileType = sourcecode.c.objc; path = main.m; sourceTree = "<group>"; };
		4AEBF4E71E30603C00C56CF9 /* AppDelegate.h */ = {isa = PBXFileReference; lastKnownFileType = sourcecode.c.h; path = AppDelegate.h; sourceTree = "<group>"; };
		4AEBF4E81E30603C00C56CF9 /* AppDelegate.m */ = {isa = PBXFileReference; lastKnownFileType = sourcecode.c.objc; path = AppDelegate.m; sourceTree = "<group>"; };
		4AEBF4EA1E30603C00C56CF9 /* ViewController.h */ = {isa = PBXFileReference; lastKnownFileType = sourcecode.c.h; path = ViewController.h; sourceTree = "<group>"; };
		4AEBF4EB1E30603C00C56CF9 /* ViewController.m */ = {isa = PBXFileReference; lastKnownFileType = sourcecode.c.objc; path = ViewController.m; sourceTree = "<group>"; };
		4AEBF4EE1E30603C00C56CF9 /* Base */ = {isa = PBXFileReference; lastKnownFileType = file.storyboard; name = Base; path = Base.lproj/Main.storyboard; sourceTree = "<group>"; };
		4AEBF4F01E30603C00C56CF9 /* Assets.xcassets */ = {isa = PBXFileReference; lastKnownFileType = folder.assetcatalog; path = Assets.xcassets; sourceTree = "<group>"; };
		4AEBF4F31E30603C00C56CF9 /* Base */ = {isa = PBXFileReference; lastKnownFileType = file.storyboard; name = Base; path = Base.lproj/LaunchScreen.storyboard; sourceTree = "<group>"; };
		4AEBF4F51E30603C00C56CF9 /* Info.plist */ = {isa = PBXFileReference; lastKnownFileType = text.plist.xml; path = Info.plist; sourceTree = "<group>"; };
		4AEBF4FA1E30603C00C56CF9 /* CLocation&MapKitTests.xctest */ = {isa = PBXFileReference; explicitFileType = wrapper.cfbundle; includeInIndex = 0; path = "CLocation&MapKitTests.xctest"; sourceTree = BUILT_PRODUCTS_DIR; };
		4AEBF4FE1E30603C00C56CF9 /* CLocation_MapKitTests.m */ = {isa = PBXFileReference; lastKnownFileType = sourcecode.c.objc; path = CLocation_MapKitTests.m; sourceTree = "<group>"; };
		4AEBF5001E30603C00C56CF9 /* Info.plist */ = {isa = PBXFileReference; lastKnownFileType = text.plist.xml; path = Info.plist; sourceTree = "<group>"; };
		4AEBF5051E30603C00C56CF9 /* CLocation&MapKitUITests.xctest */ = {isa = PBXFileReference; explicitFileType = wrapper.cfbundle; includeInIndex = 0; path = "CLocation&MapKitUITests.xctest"; sourceTree = BUILT_PRODUCTS_DIR; };
		4AEBF5091E30603C00C56CF9 /* CLocation_MapKitUITests.m */ = {isa = PBXFileReference; lastKnownFileType = sourcecode.c.objc; path = CLocation_MapKitUITests.m; sourceTree = "<group>"; };
		4AEBF50B1E30603C00C56CF9 /* Info.plist */ = {isa = PBXFileReference; lastKnownFileType = text.plist.xml; path = Info.plist; sourceTree = "<group>"; };
/* End PBXFileReference section */

/* Begin PBXFrameworksBuildPhase section */
		4AEBF4DE1E30603C00C56CF9 /* Frameworks */ = {
			isa = PBXFrameworksBuildPhase;
			buildActionMask = 2147483647;
			files = (
			);
			runOnlyForDeploymentPostprocessing = 0;
		};
		4AEBF4F71E30603C00C56CF9 /* Frameworks */ = {
			isa = PBXFrameworksBuildPhase;
			buildActionMask = 2147483647;
			files = (
			);
			runOnlyForDeploymentPostprocessing = 0;
		};
		4AEBF5021E30603C00C56CF9 /* Frameworks */ = {
			isa = PBXFrameworksBuildPhase;
			buildActionMask = 2147483647;
			files = (
			);
			runOnlyForDeploymentPostprocessing = 0;
		};
/* End PBXFrameworksBuildPhase section */

/* Begin PBXGroup section */
		4AEBF4D81E30603C00C56CF9 = {
			isa = PBXGroup;
			children = (
				4AEBF4E31E30603C00C56CF9 /* CLocation&MapKit */,
				4AEBF4FD1E30603C00C56CF9 /* CLocation&MapKitTests */,
				4AEBF5081E30603C00C56CF9 /* CLocation&MapKitUITests */,
				4AEBF4E21E30603C00C56CF9 /* Products */,
			);
			sourceTree = "<group>";
		};
		4AEBF4E21E30603C00C56CF9 /* Products */ = {
			isa = PBXGroup;
			children = (
				4AEBF4E11E30603C00C56CF9 /* CLocation&MapKit.app */,
				4AEBF4FA1E30603C00C56CF9 /* CLocation&MapKitTests.xctest */,
				4AEBF5051E30603C00C56CF9 /* CLocation&MapKitUITests.xctest */,
			);
			name = Products;
			sourceTree = "<group>";
		};
		4AEBF4E31E30603C00C56CF9 /* CLocation&MapKit */ = {
			isa = PBXGroup;
			children = (
				4AEBF4E71E30603C00C56CF9 /* AppDelegate.h */,
				4AEBF4E81E30603C00C56CF9 /* AppDelegate.m */,
				4AEBF4EA1E30603C00C56CF9 /* ViewController.h */,
				4AEBF4EB1E30603C00C56CF9 /* ViewController.m */,
				4AEBF4ED1E30603C00C56CF9 /* Main.storyboard */,
				4AEBF4F01E30603C00C56CF9 /* Assets.xcassets */,
				4AEBF4F21E30603C00C56CF9 /* LaunchScreen.storyboard */,
				4AEBF4F51E30603C00C56CF9 /* Info.plist */,
				4AEBF4E41E30603C00C56CF9 /* Supporting Files */,
			);
			path = "CLocation&MapKit";
			sourceTree = "<group>";
		};
		4AEBF4E41E30603C00C56CF9 /* Supporting Files */ = {
			isa = PBXGroup;
			children = (
				4AEBF4E51E30603C00C56CF9 /* main.m */,
			);
			name = "Supporting Files";
			sourceTree = "<group>";
		};
		4AEBF4FD1E30603C00C56CF9 /* CLocation&MapKitTests */ = {
			isa = PBXGroup;
			children = (
				4AEBF4FE1E30603C00C56CF9 /* CLocation_MapKitTests.m */,
				4AEBF5001E30603C00C56CF9 /* Info.plist */,
			);
			path = "CLocation&MapKitTests";
			sourceTree = "<group>";
		};
		4AEBF5081E30603C00C56CF9 /* CLocation&MapKitUITests */ = {
			isa = PBXGroup;
			children = (
				4AEBF5091E30603C00C56CF9 /* CLocation_MapKitUITests.m */,
				4AEBF50B1E30603C00C56CF9 /* Info.plist */,
			);
			path = "CLocation&MapKitUITests";
			sourceTree = "<group>";
		};
/* End PBXGroup section */

/* Begin PBXNativeTarget section */
		4AEBF4E01E30603C00C56CF9 /* CLocation&MapKit */ = {
			isa = PBXNativeTarget;
			buildConfigurationList = 4AEBF50E1E30603C00C56CF9 /* Build configuration list for PBXNativeTarget "CLocation&MapKit" */;
			buildPhases = (
				4AEBF4DD1E30603C00C56CF9 /* Sources */,
				4AEBF4DE1E30603C00C56CF9 /* Frameworks */,
				4AEBF4DF1E30603C00C56CF9 /* Resources */,
			);
			buildRules = (
			);
			dependencies = (
			);
			name = "CLocation&MapKit";
			productName = "CLocation&MapKit";
			productReference = 4AEBF4E11E30603C00C56CF9 /* CLocation&MapKit.app */;
			productType = "com.apple.product-type.application";
		};
		4AEBF4F91E30603C00C56CF9 /* CLocation&MapKitTests */ = {
			isa = PBXNativeTarget;
			buildConfigurationList = 4AEBF5111E30603C00C56CF9 /* Build configuration list for PBXNativeTarget "CLocation&MapKitTests" */;
			buildPhases = (
				4AEBF4F61E30603C00C56CF9 /* Sources */,
				4AEBF4F71E30603C00C56CF9 /* Frameworks */,
				4AEBF4F81E30603C00C56CF9 /* Resources */,
			);
			buildRules = (
			);
			dependencies = (
				4AEBF4FC1E30603C00C56CF9 /* PBXTargetDependency */,
			);
			name = "CLocation&MapKitTests";
			productName = "CLocation&MapKitTests";
			productReference = 4AEBF4FA1E30603C00C56CF9 /* CLocation&MapKitTests.xctest */;
			productType = "com.apple.product-type.bundle.unit-test";
		};
		4AEBF5041E30603C00C56CF9 /* CLocation&MapKitUITests */ = {
			isa = PBXNativeTarget;
			buildConfigurationList = 4AEBF5141E30603C00C56CF9 /* Build configuration list for PBXNativeTarget "CLocation&MapKitUITests" */;
			buildPhases = (
				4AEBF5011E30603C00C56CF9 /* Sources */,
				4AEBF5021E30603C00C56CF9 /* Frameworks */,
				4AEBF5031E30603C00C56CF9 /* Resources */,
			);
			buildRules = (
			);
			dependencies = (
				4AEBF5071E30603C00C56CF9 /* PBXTargetDependency */,
			);
			name = "CLocation&MapKitUITests";
			productName = "CLocation&MapKitUITests";
			productReference = 4AEBF5051E30603C00C56CF9 /* CLocation&MapKitUITests.xctest */;
			productType = "com.apple.product-type.bundle.ui-testing";
		};
/* End PBXNativeTarget section */

/* Begin PBXProject section */
		4AEBF4D91E30603C00C56CF9 /* Project object */ = {
			isa = PBXProject;
			attributes = {
				LastUpgradeCheck = 0820;
				ORGANIZATIONNAME = "王伟";
				TargetAttributes = {
					4AEBF4E01E30603C00C56CF9 = {
						CreatedOnToolsVersion = 8.2;
						DevelopmentTeam = PV355PU236;
						ProvisioningStyle = Automatic;
					};
					4AEBF4F91E30603C00C56CF9 = {
						CreatedOnToolsVersion = 8.2;
						DevelopmentTeam = PV355PU236;
						ProvisioningStyle = Automatic;
						TestTargetID = 4AEBF4E01E30603C00C56CF9;
					};
					4AEBF5041E30603C00C56CF9 = {
						CreatedOnToolsVersion = 8.2;
						DevelopmentTeam = PV355PU236;
						ProvisioningStyle = Automatic;
						TestTargetID = 4AEBF4E01E30603C00C56CF9;
					};
				};
			};
			buildConfigurationList = 4AEBF4DC1E30603C00C56CF9 /* Build configuration list for PBXProject "CLocation&MapKit" */;
			compatibilityVersion = "Xcode 3.2";
			developmentRegion = English;
			hasScannedForEncodings = 0;
			knownRegions = (
				en,
				Base,
			);
			mainGroup = 4AEBF4D81E30603C00C56CF9;
			productRefGroup = 4AEBF4E21E30603C00C56CF9 /* Products */;
			projectDirPath = "";
			projectRoot = "";
			targets = (
				4AEBF4E01E30603C00C56CF9 /* CLocation&MapKit */,
				4AEBF4F91E30603C00C56CF9 /* CLocation&MapKitTests */,
				4AEBF5041E30603C00C56CF9 /* CLocation&MapKitUITests */,
			);
		};
/* End PBXProject section */

/* Begin PBXResourcesBuildPhase section */
		4AEBF4DF1E30603C00C56CF9 /* Resources */ = {
			isa = PBXResourcesBuildPhase;
			buildActionMask = 2147483647;
			files = (
				4AEBF4F41E30603C00C56CF9 /* LaunchScreen.storyboard in Resources */,
				4AEBF4F11E30603C00C56CF9 /* Assets.xcassets in Resources */,
				4AEBF4EF1E30603C00C56CF9 /* Main.storyboard in Resources */,
			);
			runOnlyForDeploymentPostprocessing = 0;
		};
		4AEBF4F81E30603C00C56CF9 /* Resources */ = {
			isa = PBXResourcesBuildPhase;
			buildActionMask = 2147483647;
			files = (
			);
			runOnlyForDeploymentPostprocessing = 0;
		};
		4AEBF5031E30603C00C56CF9 /* Resources */ = {
			isa = PBXResourcesBuildPhase;
			buildActionMask = 2147483647;
			files = (
			);
			runOnlyForDeploymentPostprocessing = 0;
		};
/* End PBXResourcesBuildPhase section */

/* Begin PBXSourcesBuildPhase section */
		4AEBF4DD1E30603C00C56CF9 /* Sources */ = {
			isa = PBXSourcesBuildPhase;
			buildActionMask = 2147483647;
			files = (
				4AEBF4EC1E30603C00C56CF9 /* ViewController.m in Sources */,
				4AEBF4E91E30603C00C56CF9 /* AppDelegate.m in Sources */,
				4AEBF4E61E30603C00C56CF9 /* main.m in Sources */,
			);
			runOnlyForDeploymentPostprocessing = 0;
		};
		4AEBF4F61E30603C00C56CF9 /* Sources */ = {
			isa = PBXSourcesBuildPhase;
			buildActionMask = 2147483647;
			files = (
				4AEBF4FF1E30603C00C56CF9 /* CLocation_MapKitTests.m in Sources */,
			);
			runOnlyForDeploymentPostprocessing = 0;
		};
		4AEBF5011E30603C00C56CF9 /* Sources */ = {
			isa = PBXSourcesBuildPhase;
			buildActionMask = 2147483647;
			files = (
				4AEBF50A1E30603C00C56CF9 /* CLocation_MapKitUITests.m in Sources */,
			);
			runOnlyForDeploymentPostprocessing = 0;
		};
/* End PBXSourcesBuildPhase section */

/* Begin PBXTargetDependency section */
		4AEBF4FC1E30603C00C56CF9 /* PBXTargetDependency */ = {
			isa = PBXTargetDependency;
			target = 4AEBF4E01E30603C00C56CF9 /* CLocation&MapKit */;
			targetProxy = 4AEBF4FB1E30603C00C56CF9 /* PBXContainerItemProxy */;
		};
		4AEBF5071E30603C00C56CF9 /* PBXTargetDependency */ = {
			isa = PBXTargetDependency;
			target = 4AEBF4E01E30603C00C56CF9 /* CLocation&MapKit */;
			targetProxy = 4AEBF5061E30603C00C56CF9 /* PBXContainerItemProxy */;
		};
/* End PBXTargetDependency section */

/* Begin PBXVariantGroup section */
		4AEBF4ED1E30603C00C56CF9 /* Main.storyboard */ = {
			isa = PBXVariantGroup;
			children = (
				4AEBF4EE1E30603C00C56CF9 /* Base */,
			);
			name = Main.storyboard;
			sourceTree = "<group>";
		};
		4AEBF4F21E30603C00C56CF9 /* LaunchScreen.storyboard */ = {
			isa = PBXVariantGroup;
			children = (
				4AEBF4F31E30603C00C56CF9 /* Base */,
			);
			name = LaunchScreen.storyboard;
			sourceTree = "<group>";
		};
/* End PBXVariantGroup section */

/* Begin XCBuildConfiguration section */
		4AEBF50C1E30603C00C56CF9 /* Debug */ = {
			isa = XCBuildConfiguration;
			buildSettings = {
				ALWAYS_SEARCH_USER_PATHS = NO;
				CLANG_ANALYZER_NONNULL = YES;
				CLANG_CXX_LANGUAGE_STANDARD = "gnu++0x";
				CLANG_CXX_LIBRARY = "libc++";
				CLANG_ENABLE_MODULES = YES;
				CLANG_ENABLE_OBJC_ARC = YES;
				CLANG_WARN_BOOL_CONVERSION = YES;
				CLANG_WARN_CONSTANT_CONVERSION = YES;
				CLANG_WARN_DIRECT_OBJC_ISA_USAGE = YES_ERROR;
				CLANG_WARN_DOCUMENTATION_COMMENTS = YES;
				CLANG_WARN_EMPTY_BODY = YES;
				CLANG_WARN_ENUM_CONVERSION = YES;
				CLANG_WARN_INFINITE_RECURSION = YES;
				CLANG_WARN_INT_CONVERSION = YES;
				CLANG_WARN_OBJC_ROOT_CLASS = YES_ERROR;
				CLANG_WARN_SUSPICIOUS_MOVE = YES;
				CLANG_WARN_UNREACHABLE_CODE = YES;
				CLANG_WARN__DUPLICATE_METHOD_MATCH = YES;
				"CODE_SIGN_IDENTITY[sdk=iphoneos*]" = "iPhone Developer";
				COPY_PHASE_STRIP = NO;
				DEBUG_INFORMATION_FORMAT = dwarf;
				ENABLE_STRICT_OBJC_MSGSEND = YES;
				ENABLE_TESTABILITY = YES;
				GCC_C_LANGUAGE_STANDARD = gnu99;
				GCC_DYNAMIC_NO_PIC = NO;
				GCC_NO_COMMON_BLOCKS = YES;
				GCC_OPTIMIZATION_LEVEL = 0;
				GCC_PREPROCESSOR_DEFINITIONS = (
					"DEBUG=1",
					"$(inherited)",
				);
				GCC_WARN_64_TO_32_BIT_CONVERSION = YES;
				GCC_WARN_ABOUT_RETURN_TYPE = YES_ERROR;
				GCC_WARN_UNDECLARED_SELECTOR = YES;
				GCC_WARN_UNINITIALIZED_AUTOS = YES_AGGRESSIVE;
				GCC_WARN_UNUSED_FUNCTION = YES;
				GCC_WARN_UNUSED_VARIABLE = YES;
				IPHONEOS_DEPLOYMENT_TARGET = 10.2;
				MTL_ENABLE_DEBUG_INFO = YES;
				ONLY_ACTIVE_ARCH = YES;
				SDKROOT = iphoneos;
				TARGETED_DEVICE_FAMILY = "1,2";
			};
			name = Debug;
		};
		4AEBF50D1E30603C00C56CF9 /* Release */ = {
			isa = XCBuildConfiguration;
			buildSettings = {
				ALWAYS_SEARCH_USER_PATHS = NO;
				CLANG_ANALYZER_NONNULL = YES;
				CLANG_CXX_LANGUAGE_STANDARD = "gnu++0x";
				CLANG_CXX_LIBRARY = "libc++";
				CLANG_ENABLE_MODULES = YES;
				CLANG_ENABLE_OBJC_ARC = YES;
				CLANG_WARN_BOOL_CONVERSION = YES;
				CLANG_WARN_CONSTANT_CONVERSION = YES;
				CLANG_WARN_DIRECT_OBJC_ISA_USAGE = YES_ERROR;
				CLANG_WARN_DOCUMENTATION_COMMENTS = YES;
				CLANG_WARN_EMPTY_BODY = YES;
				CLANG_WARN_ENUM_CONVERSION = YES;
				CLANG_WARN_INFINITE_RECURSION = YES;
				CLANG_WARN_INT_CONVERSION = YES;
				CLANG_WARN_OBJC_ROOT_CLASS = YES_ERROR;
				CLANG_WARN_SUSPICIOUS_MOVE = YES;
				CLANG_WARN_UNREACHABLE_CODE = YES;
				CLANG_WARN__DUPLICATE_METHOD_MATCH = YES;
				"CODE_SIGN_IDENTITY[sdk=iphoneos*]" = "iPhone Developer";
				COPY_PHASE_STRIP = NO;
				DEBUG_INFORMATION_FORMAT = "dwarf-with-dsym";
				ENABLE_NS_ASSERTIONS = NO;
				ENABLE_STRICT_OBJC_MSGSEND = YES;
				GCC_C_LANGUAGE_STANDARD = gnu99;
				GCC_NO_COMMON_BLOCKS = YES;
				GCC_WARN_64_TO_32_BIT_CONVERSION = YES;
				GCC_WARN_ABOUT_RETURN_TYPE = YES_ERROR;
				GCC_WARN_UNDECLARED_SELECTOR = YES;
				GCC_WARN_UNINITIALIZED_AUTOS = YES_AGGRESSIVE;
				GCC_WARN_UNUSED_FUNCTION = YES;
				GCC_WARN_UNUSED_VARIABLE = YES;
				IPHONEOS_DEPLOYMENT_TARGET = 10.2;
				MTL_ENABLE_DEBUG_INFO = NO;
				SDKROOT = iphoneos;
				TARGETED_DEVICE_FAMILY = "1,2";
				VALIDATE_PRODUCT = YES;
			};
			name = Release;
		};
		4AEBF50F1E30603C00C56CF9 /* Debug */ = {
			isa = XCBuildConfiguration;
			buildSettings = {
				ASSETCATALOG_COMPILER_APPICON_NAME = AppIcon;
				DEVELOPMENT_TEAM = PV355PU236;
				INFOPLIST_FILE = "CLocation&MapKit/Info.plist";
				LD_RUNPATH_SEARCH_PATHS = "$(inherited) @executable_path/Frameworks";
				PRODUCT_BUNDLE_IDENTIFIER = "com.WangWei19931120.CLocation-MapKit";
				PRODUCT_NAME = "$(TARGET_NAME)";
			};
			name = Debug;
		};
		4AEBF5101E30603C00C56CF9 /* Release */ = {
			isa = XCBuildConfiguration;
			buildSettings = {
				ASSETCATALOG_COMPILER_APPICON_NAME = AppIcon;
				DEVELOPMENT_TEAM = PV355PU236;
				INFOPLIST_FILE = "CLocation&MapKit/Info.plist";
				LD_RUNPATH_SEARCH_PATHS = "$(inherited) @executable_path/Frameworks";
				PRODUCT_BUNDLE_IDENTIFIER = "com.WangWei19931120.CLocation-MapKit";
				PRODUCT_NAME = "$(TARGET_NAME)";
			};
			name = Release;
		};
		4AEBF5121E30603C00C56CF9 /* Debug */ = {
			isa = XCBuildConfiguration;
			buildSettings = {
				BUNDLE_LOADER = "$(TEST_HOST)";
				DEVELOPMENT_TEAM = PV355PU236;
				INFOPLIST_FILE = "CLocation&MapKitTests/Info.plist";
				LD_RUNPATH_SEARCH_PATHS = "$(inherited) @executable_path/Frameworks @loader_path/Frameworks";
				PRODUCT_BUNDLE_IDENTIFIER = "com.WangWei19931120.CLocation-MapKitTests";
				PRODUCT_NAME = "$(TARGET_NAME)";
				TEST_HOST = "$(BUILT_PRODUCTS_DIR)/CLocation&MapKit.app/CLocation&MapKit";
			};
			name = Debug;
		};
		4AEBF5131E30603C00C56CF9 /* Release */ = {
			isa = XCBuildConfiguration;
			buildSettings = {
				BUNDLE_LOADER = "$(TEST_HOST)";
				DEVELOPMENT_TEAM = PV355PU236;
				INFOPLIST_FILE = "CLocation&MapKitTests/Info.plist";
				LD_RUNPATH_SEARCH_PATHS = "$(inherited) @executable_path/Frameworks @loader_path/Frameworks";
				PRODUCT_BUNDLE_IDENTIFIER = "com.WangWei19931120.CLocation-MapKitTests";
				PRODUCT_NAME = "$(TARGET_NAME)";
				TEST_HOST = "$(BUILT_PRODUCTS_DIR)/CLocation&MapKit.app/CLocation&MapKit";
			};
			name = Release;
		};
		4AEBF5151E30603C00C56CF9 /* Debug */ = {
			isa = XCBuildConfiguration;
			buildSettings = {
				DEVELOPMENT_TEAM = PV355PU236;
				INFOPLIST_FILE = "CLocation&MapKitUITests/Info.plist";
				LD_RUNPATH_SEARCH_PATHS = "$(inherited) @executable_path/Frameworks @loader_path/Frameworks";
				PRODUCT_BUNDLE_IDENTIFIER = "com.WangWei19931120.CLocation-MapKitUITests";
				PRODUCT_NAME = "$(TARGET_NAME)";
				TEST_TARGET_NAME = "CLocation&MapKit";
			};
			name = Debug;
		};
		4AEBF5161E30603C00C56CF9 /* Release */ = {
			isa = XCBuildConfiguration;
			buildSettings = {
				DEVELOPMENT_TEAM = PV355PU236;
				INFOPLIST_FILE = "CLocation&MapKitUITests/Info.plist";
				LD_RUNPATH_SEARCH_PATHS = "$(inherited) @executable_path/Frameworks @loader_path/Frameworks";
				PRODUCT_BUNDLE_IDENTIFIER = "com.WangWei19931120.CLocation-MapKitUITests";
				PRODUCT_NAME = "$(TARGET_NAME)";
				TEST_TARGET_NAME = "CLocation&MapKit";
			};
			name = Release;
		};
/* End XCBuildConfiguration section */

/* Begin XCConfigurationList section */
		4AEBF4DC1E30603C00C56CF9 /* Build configuration list for PBXProject "CLocation&MapKit" */ = {
			isa = XCConfigurationList;
			buildConfigurations = (
				4AEBF50C1E30603C00C56CF9 /* Debug */,
				4AEBF50D1E30603C00C56CF9 /* Release */,
			);
			defaultConfigurationIsVisible = 0;
			defaultConfigurationName = Release;
		};
		4AEBF50E1E30603C00C56CF9 /* Build configuration list for PBXNativeTarget "CLocation&MapKit" */ = {
			isa = XCConfigurationList;
			buildConfigurations = (
				4AEBF50F1E30603C00C56CF9 /* Debug */,
				4AEBF5101E30603C00C56CF9 /* Release */,
			);
			defaultConfigurationIsVisible = 0;
		};
		4AEBF5111E30603C00C56CF9 /* Build configuration list for PBXNativeTarget "CLocation&MapKitTests" */ = {
			isa = XCConfigurationList;
			buildConfigurations = (
				4AEBF5121E30603C00C56CF9 /* Debug */,
				4AEBF5131E30603C00C56CF9 /* Release */,
			);
			defaultConfigurationIsVisible = 0;
		};
		4AEBF5141E30603C00C56CF9 /* Build configuration list for PBXNativeTarget "CLocation&MapKitUITests" */ = {
			isa = XCConfigurationList;
			buildConfigurations = (
				4AEBF5151E30603C00C56CF9 /* Debug */,
				4AEBF5161E30603C00C56CF9 /* Release */,
			);
			defaultConfigurationIsVisible = 0;
		};
/* End XCConfigurationList section */
	};
	rootObject = 4AEBF4D91E30603C00C56CF9 /* Project object */;
}
